# THIS IS AN AUTOGENERATED FILE. DO NOT EDIT THIS FILE DIRECTLY.
# yarn lockfile v1


antd-dayjs-webpack-plugin@^1.0.6:
  version "1.0.6"
  resolved "https://registry.npmjs.org/antd-dayjs-webpack-plugin/-/antd-dayjs-webpack-plugin-1.0.6.tgz#7d98bcb51422248b8cd4a32e352a0425a3bffa3a"
  integrity sha512-UlK3BfA0iE2c5+Zz/Bd2iPAkT6cICtrKG4/swSik5MZweBHtgmu1aUQCHvICdiv39EAShdZy/edfP6mlkS/xXg==
